
Microsoft Visual Studio Solution File, Format Version 12.00
# Visual Studio 15
VisualStudioVersion = 15.0.27004.2010
MinimumVisualStudioVersion = 10.0.40219.1
Project("{159641D6-6404-4A2A-AE62-294DE0FE8301}") = "Download Endur", "Download Endur.dtproj", "{E8481141-7925-4028-B754-BBBD0703B074}"
EndProject
Global
	GlobalSection(SolutionConfigurationPlatforms) = preSolution
		Development|Default = Development|Default
	EndGlobalSection
	GlobalSection(ProjectConfigurationPlatforms) = postSolution
		{E8481141-7925-4028-B754-BBBD0703B074}.Development|Default.ActiveCfg = Development
		{E8481141-7925-4028-B754-BBBD0703B074}.Development|Default.Build.0 = Development
	EndGlobalSection
	GlobalSection(SolutionProperties) = preSolution
		HideSolutionNode = FALSE
	EndGlobalSection
	GlobalSection(ExtensibilityGlobals) = postSolution
		SolutionGuid = {89F4DA91-EBB0-4DF1-89D7-12AD49BA54C9}
	EndGlobalSection
EndGlobal
